
Microsoft Visual Studio Solution File, Format Version 12.00
# Visual Studio 2012
Project("{D954291E-2A0B-460D-934E-DC6B0785DB48}") = "Foodie", "Foodie\Foodie.shproj", "{3B206A8E-CDDF-41E7-9485-22AA3D307730}"
EndProject
Project("{FAE04EC0-301F-11D3-BF4B-00C04F79EFBC}") = "Foodie.iOS", "iOS\Foodie.iOS.csproj", "{57E75C55-7F36-44A8-8E8C-9EEEC10E87D5}"
EndProject
Project("{FAE04EC0-301F-11D3-BF4B-00C04F79EFBC}") = "Foodie.Android", "Android\Foodie.Android.csproj", "{FAF9B695-85CE-4F28-8417-D7EAB77DEF79}"
EndProject
Project("{FAE04EC0-301F-11D3-BF4B-00C04F79EFBC}") = "Foodie.Test", "Foodie.Test\Foodie.Test.csproj", "{97FF271D-E95D-4272-99A5-146992BE7CEF}"
EndProject
Global
	GlobalSection(SolutionConfigurationPlatforms) = preSolution
		Debug|iPhoneSimulator = Debug|iPhoneSimulator
		Release|iPhoneSimulator = Release|iPhoneSimulator
		Debug|iPhone = Debug|iPhone
		Release|iPhone = Release|iPhone
		Ad-Hoc|iPhone = Ad-Hoc|iPhone
		AppStore|iPhone = AppStore|iPhone
		Debug|Any CPU = Debug|Any CPU
		Release|Any CPU = Release|Any CPU
	EndGlobalSection
	GlobalSection(ProjectConfigurationPlatforms) = postSolution
		{57E75C55-7F36-44A8-8E8C-9EEEC10E87D5}.Ad-Hoc|iPhone.ActiveCfg = Ad-Hoc|iPhone
		{57E75C55-7F36-44A8-8E8C-9EEEC10E87D5}.Ad-Hoc|iPhone.Build.0 = Ad-Hoc|iPhone
		{57E75C55-7F36-44A8-8E8C-9EEEC10E87D5}.AppStore|iPhone.ActiveCfg = AppStore|iPhone
		{57E75C55-7F36-44A8-8E8C-9EEEC10E87D5}.AppStore|iPhone.Build.0 = AppStore|iPhone
		{57E75C55-7F36-44A8-8E8C-9EEEC10E87D5}.Debug|Any CPU.ActiveCfg = Debug|iPhoneSimulator
		{57E75C55-7F36-44A8-8E8C-9EEEC10E87D5}.Debug|Any CPU.Build.0 = Debug|iPhoneSimulator
		{57E75C55-7F36-44A8-8E8C-9EEEC10E87D5}.Debug|iPhone.ActiveCfg = Debug|iPhone
		{57E75C55-7F36-44A8-8E8C-9EEEC10E87D5}.Debug|iPhone.Build.0 = Debug|iPhone
		{57E75C55-7F36-44A8-8E8C-9EEEC10E87D5}.Debug|iPhoneSimulator.ActiveCfg = Debug|iPhoneSimulator
		{57E75C55-7F36-44A8-8E8C-9EEEC10E87D5}.Debug|iPhoneSimulator.Build.0 = Debug|iPhoneSimulator
		{57E75C55-7F36-44A8-8E8C-9EEEC10E87D5}.Release|Any CPU.ActiveCfg = Release|iPhoneSimulator
		{57E75C55-7F36-44A8-8E8C-9EEEC10E87D5}.Release|Any CPU.Build.0 = Release|iPhoneSimulator
		{57E75C55-7F36-44A8-8E8C-9EEEC10E87D5}.Release|iPhone.ActiveCfg = Release|iPhone
		{57E75C55-7F36-44A8-8E8C-9EEEC10E87D5}.Release|iPhone.Build.0 = Release|iPhone
		{57E75C55-7F36-44A8-8E8C-9EEEC10E87D5}.Release|iPhoneSimulator.ActiveCfg = Release|iPhoneSimulator
		{57E75C55-7F36-44A8-8E8C-9EEEC10E87D5}.Release|iPhoneSimulator.Build.0 = Release|iPhoneSimulator
		{97FF271D-E95D-4272-99A5-146992BE7CEF}.Ad-Hoc|iPhone.ActiveCfg = Ad-Hoc|iPhone
		{97FF271D-E95D-4272-99A5-146992BE7CEF}.Ad-Hoc|iPhone.Build.0 = Ad-Hoc|iPhone
		{97FF271D-E95D-4272-99A5-146992BE7CEF}.AppStore|iPhone.ActiveCfg = AppStore|iPhone
		{97FF271D-E95D-4272-99A5-146992BE7CEF}.AppStore|iPhone.Build.0 = AppStore|iPhone
		{97FF271D-E95D-4272-99A5-146992BE7CEF}.Debug|Any CPU.ActiveCfg = Debug|iPhoneSimulator
		{97FF271D-E95D-4272-99A5-146992BE7CEF}.Debug|Any CPU.Build.0 = Debug|iPhoneSimulator
		{97FF271D-E95D-4272-99A5-146992BE7CEF}.Debug|iPhone.ActiveCfg = Debug|iPhone
		{97FF271D-E95D-4272-99A5-146992BE7CEF}.Debug|iPhone.Build.0 = Debug|iPhone
		{97FF271D-E95D-4272-99A5-146992BE7CEF}.Debug|iPhoneSimulator.ActiveCfg = Debug|iPhoneSimulator
		{97FF271D-E95D-4272-99A5-146992BE7CEF}.Debug|iPhoneSimulator.Build.0 = Debug|iPhoneSimulator
		{97FF271D-E95D-4272-99A5-146992BE7CEF}.Release|Any CPU.ActiveCfg = Release|iPhoneSimulator
		{97FF271D-E95D-4272-99A5-146992BE7CEF}.Release|Any CPU.Build.0 = Release|iPhoneSimulator
		{97FF271D-E95D-4272-99A5-146992BE7CEF}.Release|iPhone.ActiveCfg = Release|iPhone
		{97FF271D-E95D-4272-99A5-146992BE7CEF}.Release|iPhone.Build.0 = Release|iPhone
		{97FF271D-E95D-4272-99A5-146992BE7CEF}.Release|iPhoneSimulator.ActiveCfg = Release|iPhoneSimulator
		{97FF271D-E95D-4272-99A5-146992BE7CEF}.Release|iPhoneSimulator.Build.0 = Release|iPhoneSimulator
		{FAF9B695-85CE-4F28-8417-D7EAB77DEF79}.Ad-Hoc|iPhone.ActiveCfg = Release|Any CPU
		{FAF9B695-85CE-4F28-8417-D7EAB77DEF79}.Ad-Hoc|iPhone.Build.0 = Release|Any CPU
		{FAF9B695-85CE-4F28-8417-D7EAB77DEF79}.AppStore|iPhone.ActiveCfg = Release|Any CPU
		{FAF9B695-85CE-4F28-8417-D7EAB77DEF79}.AppStore|iPhone.Build.0 = Release|Any CPU
		{FAF9B695-85CE-4F28-8417-D7EAB77DEF79}.Debug|Any CPU.ActiveCfg = Debug|Any CPU
		{FAF9B695-85CE-4F28-8417-D7EAB77DEF79}.Debug|Any CPU.Build.0 = Debug|Any CPU
		{FAF9B695-85CE-4F28-8417-D7EAB77DEF79}.Debug|iPhone.ActiveCfg = Debug|Any CPU
		{FAF9B695-85CE-4F28-8417-D7EAB77DEF79}.Debug|iPhone.Build.0 = Debug|Any CPU
		{FAF9B695-85CE-4F28-8417-D7EAB77DEF79}.Debug|iPhoneSimulator.ActiveCfg = Debug|Any CPU
		{FAF9B695-85CE-4F28-8417-D7EAB77DEF79}.Debug|iPhoneSimulator.Build.0 = Debug|Any CPU
		{FAF9B695-85CE-4F28-8417-D7EAB77DEF79}.Release|Any CPU.ActiveCfg = Release|Any CPU
		{FAF9B695-85CE-4F28-8417-D7EAB77DEF79}.Release|Any CPU.Build.0 = Release|Any CPU
		{FAF9B695-85CE-4F28-8417-D7EAB77DEF79}.Release|iPhone.ActiveCfg = Release|Any CPU
		{FAF9B695-85CE-4F28-8417-D7EAB77DEF79}.Release|iPhone.Build.0 = Release|Any CPU
		{FAF9B695-85CE-4F28-8417-D7EAB77DEF79}.Release|iPhoneSimulator.ActiveCfg = Release|Any CPU
		{FAF9B695-85CE-4F28-8417-D7EAB77DEF79}.Release|iPhoneSimulator.Build.0 = Release|Any CPU
	EndGlobalSection
	GlobalSection(MonoDevelopProperties) = preSolution
		StartupItem = iOS\Foodie.iOS.csproj
	EndGlobalSection
EndGlobal
